// !$*UTF8*$!
{
	archiveVersion = 1;
	classes = {
	};
	objectVersion = 55;
	objects = {

/* Begin PBXBuildFile section */
		63EC7D33273781530023E65E /* AppDelegate.swift in Sources */ = {isa = PBXBuildFile; fileRef = 63EC7D32273781530023E65E /* AppDelegate.swift */; };
		63EC7D35273781530023E65E /* SceneDelegate.swift in Sources */ = {isa = PBXBuildFile; fileRef = 63EC7D34273781530023E65E /* SceneDelegate.swift */; };
		63EC7D37273781530023E65E /* ViewController.swift in Sources */ = {isa = PBXBuildFile; fileRef = 63EC7D36273781530023E65E /* ViewController.swift */; };
		63EC7D3A273781530023E65E /* Main.storyboard in Resources */ = {isa = PBXBuildFile; fileRef = 63EC7D38273781530023E65E /* Main.storyboard */; };
		63EC7D3C273781550023E65E /* Assets.xcassets in Resources */ = {isa = PBXBuildFile; fileRef = 63EC7D3B273781550023E65E /* Assets.xcassets */; };
		63EC7D3F273781550023E65E /* LaunchScreen.storyboard in Resources */ = {isa = PBXBuildFile; fileRef = 63EC7D3D273781550023E65E /* LaunchScreen.storyboard */; };
		63EC7D4B27379AAA0023E65E /* colosseum.jpg in Resources */ = {isa = PBXBuildFile; fileRef = 63EC7D4627379AAA0023E65E /* colosseum.jpg */; };
		63EC7D4C27379AAA0023E65E /* tacmahal.jpg in Resources */ = {isa = PBXBuildFile; fileRef = 63EC7D4727379AAA0023E65E /* tacmahal.jpg */; };
		63EC7D4D27379AAA0023E65E /* greatwall.jpg in Resources */ = {isa = PBXBuildFile; fileRef = 63EC7D4827379AAA0023E65E /* greatwall.jpg */; };
		63EC7D4E27379AAA0023E65E /* kremlin.jpg.webp in Resources */ = {isa = PBXBuildFile; fileRef = 63EC7D4927379AAA0023E65E /* kremlin.jpg.webp */; };
		63EC7D4F27379AAA0023E65E /* stonehenge.jpg.webp in Resources */ = {isa = PBXBuildFile; fileRef = 63EC7D4A27379AAA0023E65E /* stonehenge.jpg.webp */; };
/* End PBXBuildFile section */

/* Begin PBXFileReference section */
		63EC7D2F273781530023E65E /* LandmarkBookProject.app */ = {isa = PBXFileReference; explicitFileType = wrapper.application; includeInIndex = 0; path = LandmarkBookProject.app; sourceTree = BUILT_PRODUCTS_DIR; };
		63EC7D32273781530023E65E /* AppDelegate.swift */ = {isa = PBXFileReference; lastKnownFileType = sourcecode.swift; path = AppDelegate.swift; sourceTree = "<group>"; };
		63EC7D34273781530023E65E /* SceneDelegate.swift */ = {isa = PBXFileReference; lastKnownFileType = sourcecode.swift; path = SceneDelegate.swift; sourceTree = "<group>"; };
		63EC7D36273781530023E65E /* ViewController.swift */ = {isa = PBXFileReference; lastKnownFileType = sourcecode.swift; path = ViewController.swift; sourceTree = "<group>"; };
		63EC7D39273781530023E65E /* Base */ = {isa = PBXFileReference; lastKnownFileType = file.storyboard; name = Base; path = Base.lproj/Main.storyboard; sourceTree = "<group>"; };
		63EC7D3B273781550023E65E /* Assets.xcassets */ = {isa = PBXFileReference; lastKnownFileType = folder.assetcatalog; path = Assets.xcassets; sourceTree = "<group>"; };
		63EC7D3E273781550023E65E /* Base */ = {isa = PBXFileReference; lastKnownFileType = file.storyboard; name = Base; path = Base.lproj/LaunchScreen.storyboard; sourceTree = "<group>"; };
		63EC7D40273781550023E65E /* Info.plist */ = {isa = PBXFileReference; lastKnownFileType = text.plist.xml; path = Info.plist; sourceTree = "<group>"; };
		63EC7D4627379AAA0023E65E /* colosseum.jpg */ = {isa = PBXFileReference; lastKnownFileType = image.jpeg; path = colosseum.jpg; sourceTree = "<group>"; };
		63EC7D4727379AAA0023E65E /* tacmahal.jpg */ = {isa = PBXFileReference; lastKnownFileType = image.jpeg; path = tacmahal.jpg; sourceTree = "<group>"; };
		63EC7D4827379AAA0023E65E /* greatwall.jpg */ = {isa = PBXFileReference; lastKnownFileType = image.jpeg; path = greatwall.jpg; sourceTree = "<group>"; };
		63EC7D4927379AAA0023E65E /* kremlin.jpg.webp */ = {isa = PBXFileReference; lastKnownFileType = file; path = kremlin.jpg.webp; sourceTree = "<group>"; };
		63EC7D4A27379AAA0023E65E /* stonehenge.jpg.webp */ = {isa = PBXFileReference; lastKnownFileType = file; path = stonehenge.jpg.webp; sourceTree = "<group>"; };
/* End PBXFileReference section */

/* Begin PBXFrameworksBuildPhase section */
		63EC7D2C273781530023E65E /* Frameworks */ = {
			isa = PBXFrameworksBuildPhase;
			buildActionMask = 2147483647;
			files = (
			);
			runOnlyForDeploymentPostprocessing = 0;
		};
/* End PBXFrameworksBuildPhase section */

/* Begin PBXGroup section */
		63EC7D26273781530023E65E = {
			isa = PBXGroup;
			children = (
				63EC7D31273781530023E65E /* LandmarkBookProject */,
				63EC7D30273781530023E65E /* Products */,
			);
			sourceTree = "<group>";
		};
		63EC7D30273781530023E65E /* Products */ = {
			isa = PBXGroup;
			children = (
				63EC7D2F273781530023E65E /* LandmarkBookProject.app */,
			);
			name = Products;
			sourceTree = "<group>";
		};
		63EC7D31273781530023E65E /* LandmarkBookProject */ = {
			isa = PBXGroup;
			children = (
				63EC7D32273781530023E65E /* AppDelegate.swift */,
				63EC7D34273781530023E65E /* SceneDelegate.swift */,
				63EC7D36273781530023E65E /* ViewController.swift */,
				63EC7D38273781530023E65E /* Main.storyboard */,
				63EC7D4627379AAA0023E65E /* colosseum.jpg */,
				63EC7D4827379AAA0023E65E /* greatwall.jpg */,
				63EC7D4927379AAA0023E65E /* kremlin.jpg.webp */,
				63EC7D4A27379AAA0023E65E /* stonehenge.jpg.webp */,
				63EC7D4727379AAA0023E65E /* tacmahal.jpg */,
				63EC7D3B273781550023E65E /* Assets.xcassets */,
				63EC7D3D273781550023E65E /* LaunchScreen.storyboard */,
				63EC7D40273781550023E65E /* Info.plist */,
			);
			path = LandmarkBookProject;
			sourceTree = "<group>";
		};
/* End PBXGroup section */

/* Begin PBXNativeTarget section */
		63EC7D2E273781530023E65E /* LandmarkBookProject */ = {
			isa = PBXNativeTarget;
			buildConfigurationList = 63EC7D43273781550023E65E /* Build configuration list for PBXNativeTarget "LandmarkBookProject" */;
			buildPhases = (
				63EC7D2B273781530023E65E /* Sources */,
				63EC7D2C273781530023E65E /* Frameworks */,
				63EC7D2D273781530023E65E /* Resources */,
			);
			buildRules = (
			);
			dependencies = (
			);
			name = LandmarkBookProject;
			productName = LandmarkBookProject;
			productReference = 63EC7D2F273781530023E65E /* LandmarkBookProject.app */;
			productType = "com.apple.product-type.application";
		};
/* End PBXNativeTarget section */

/* Begin PBXProject section */
		63EC7D27273781530023E65E /* Project object */ = {
			isa = PBXProject;
			attributes = {
				BuildIndependentTargetsInParallel = 1;
				LastSwiftUpdateCheck = 1310;
				LastUpgradeCheck = 1310;
				TargetAttributes = {
					63EC7D2E273781530023E65E = {
						CreatedOnToolsVersion = 13.1;
					};
				};
			};
			buildConfigurationList = 63EC7D2A273781530023E65E /* Build configuration list for PBXProject "LandmarkBookProject" */;
			compatibilityVersion = "Xcode 13.0";
			developmentRegion = en;
			hasScannedForEncodings = 0;
			knownRegions = (
				en,
				Base,
			);
			mainGroup = 63EC7D26273781530023E65E;
			productRefGroup = 63EC7D30273781530023E65E /* Products */;
			projectDirPath = "";
			projectRoot = "";
			targets = (
				63EC7D2E273781530023E65E /* LandmarkBookProject */,
			);
		};
/* End PBXProject section */

/* Begin PBXResourcesBuildPhase section */
		63EC7D2D273781530023E65E /* Resources */ = {
			isa = PBXResourcesBuildPhase;
			buildActionMask = 2147483647;
			files = (
				63EC7D4C27379AAA0023E65E /* tacmahal.jpg in Resources */,
				63EC7D3F273781550023E65E /* LaunchScreen.storyboard in Resources */,
				63EC7D4E27379AAA0023E65E /* kremlin.jpg.webp in Resources */,
				63EC7D3C273781550023E65E /* Assets.xcassets in Resources */,
				63EC7D4B27379AAA0023E65E /* colosseum.jpg in Resources */,
				63EC7D3A273781530023E65E /* Main.storyboard in Resources */,
				63EC7D4F27379AAA0023E65E /* stonehenge.jpg.webp in Resources */,
				63EC7D4D27379AAA0023E65E /* greatwall.jpg in Resources */,
			);
			runOnlyForDeploymentPostprocessing = 0;
		};
/* End PBXResourcesBuildPhase section */

/* Begin PBXSourcesBuildPhase section */
		63EC7D2B273781530023E65E /* Sources */ = {
			isa = PBXSourcesBuildPhase;
			buildActionMask = 2147483647;
			files = (
				63EC7D37273781530023E65E /* ViewController.swift in Sources */,
				63EC7D33273781530023E65E /* AppDelegate.swift in Sources */,
				63EC7D35273781530023E65E /* SceneDelegate.swift in Sources */,
			);
			runOnlyForDeploymentPostprocessing = 0;
		};
/* End PBXSourcesBuildPhase section */

/* Begin PBXVariantGroup section */
		63EC7D38273781530023E65E /* Main.storyboard */ = {
			isa = PBXVariantGroup;
			children = (
				63EC7D39273781530023E65E /* Base */,
			);
			name = Main.storyboard;
			sourceTree = "<group>";
		};
		63EC7D3D273781550023E65E /* LaunchScreen.storyboard */ = {
			isa = PBXVariantGroup;
			children = (
				63EC7D3E273781550023E65E /* Base */,
			);
			name = LaunchScreen.storyboard;
			sourceTree = "<group>";
		};
/* End PBXVariantGroup section */

/* Begin XCBuildConfiguration section */
		63EC7D41273781550023E65E /* Debug */ = {
			isa = XCBuildConfiguration;
			buildSettings = {
				ALWAYS_SEARCH_USER_PATHS = NO;
				CLANG_ANALYZER_NONNULL = YES;
				CLANG_ANALYZER_NUMBER_OBJECT_CONVERSION = YES_AGGRESSIVE;
				CLANG_CXX_LANGUAGE_STANDARD = "gnu++17";
				CLANG_CXX_LIBRARY = "libc++";
				CLANG_ENABLE_MODULES = YES;
				CLANG_ENABLE_OBJC_ARC = YES;
				CLANG_ENABLE_OBJC_WEAK = YES;
				CLANG_WARN_BLOCK_CAPTURE_AUTORELEASING = YES;
				CLANG_WARN_BOOL_CONVERSION = YES;
				CLANG_WARN_COMMA = YES;
				CLANG_WARN_CONSTANT_CONVERSION = YES;
				CLANG_WARN_DEPRECATED_OBJC_IMPLEMENTATIONS = YES;
				CLANG_WARN_DIRECT_OBJC_ISA_USAGE = YES_ERROR;
				CLANG_WARN_DOCUMENTATION_COMMENTS = YES;
				CLANG_WARN_EMPTY_BODY = YES;
				CLANG_WARN_ENUM_CONVERSION = YES;
				CLANG_WARN_INFINITE_RECURSION = YES;
				CLANG_WARN_INT_CONVERSION = YES;
				CLANG_WARN_NON_LITERAL_NULL_CONVERSION = YES;
				CLANG_WARN_OBJC_IMPLICIT_RETAIN_SELF = YES;
				CLANG_WARN_OBJC_LITERAL_CONVERSION = YES;
				CLANG_WARN_OBJC_ROOT_CLASS = YES_ERROR;
				CLANG_WARN_QUOTED_INCLUDE_IN_FRAMEWORK_HEADER = YES;
				CLANG_WARN_RANGE_LOOP_ANALYSIS = YES;
				CLANG_WARN_STRICT_PROTOTYPES = YES;
				CLANG_WARN_SUSPICIOUS_MOVE = YES;
				CLANG_WARN_UNGUARDED_AVAILABILITY = YES_AGGRESSIVE;
				CLANG_WARN_UNREACHABLE_CODE = YES;
				CLANG_WARN__DUPLICATE_METHOD_MATCH = YES;
				COPY_PHASE_STRIP = NO;
				DEBUG_INFORMATION_FORMAT = dwarf;
				ENABLE_STRICT_OBJC_MSGSEND = YES;
				ENABLE_TESTABILITY = YES;
				GCC_C_LANGUAGE_STANDARD = gnu11;
				GCC_DYNAMIC_NO_PIC = NO;
				GCC_NO_COMMON_BLOCKS = YES;
				GCC_OPTIMIZATION_LEVEL = 0;
				GCC_PREPROCESSOR_DEFINITIONS = (
					"DEBUG=1",
					"$(inherited)",
				);
				GCC_WARN_64_TO_32_BIT_CONVERSION = YES;
				GCC_WARN_ABOUT_RETURN_TYPE = YES_ERROR;
				GCC_WARN_UNDECLARED_SELECTOR = YES;
				GCC_WARN_UNINITIALIZED_AUTOS = YES_AGGRESSIVE;
				GCC_WARN_UNUSED_FUNCTION = YES;
				GCC_WARN_UNUSED_VARIABLE = YES;
				IPHONEOS_DEPLOYMENT_TARGET = 15.0;
				MTL_ENABLE_DEBUG_INFO = INCLUDE_SOURCE;
				MTL_FAST_MATH = YES;
				ONLY_ACTIVE_ARCH = YES;
				SDKROOT = iphoneos;
				SWIFT_ACTIVE_COMPILATION_CONDITIONS = DEBUG;
				SWIFT_OPTIMIZATION_LEVEL = "-Onone";
			};
			name = Debug;
		};
		63EC7D42273781550023E65E /* Release */ = {
			isa = XCBuildConfiguration;
			buildSettings = {
				ALWAYS_SEARCH_USER_PATHS = NO;
				CLANG_ANALYZER_NONNULL = YES;
				CLANG_ANALYZER_NUMBER_OBJECT_CONVERSION = YES_AGGRESSIVE;
				CLANG_CXX_LANGUAGE_STANDARD = "gnu++17";
				CLANG_CXX_LIBRARY = "libc++";
				CLANG_ENABLE_MODULES = YES;
				CLANG_ENABLE_OBJC_ARC = YES;
				CLANG_ENABLE_OBJC_WEAK = YES;
				CLANG_WARN_BLOCK_CAPTURE_AUTORELEASING = YES;
				CLANG_WARN_BOOL_CONVERSION = YES;
				CLANG_WARN_COMMA = YES;
				CLANG_WARN_CONSTANT_CONVERSION = YES;
				CLANG_WARN_DEPRECATED_OBJC_IMPLEMENTATIONS = YES;
				CLANG_WARN_DIRECT_OBJC_ISA_USAGE = YES_ERROR;
				CLANG_WARN_DOCUMENTATION_COMMENTS = YES;
				CLANG_WARN_EMPTY_BODY = YES;
				CLANG_WARN_ENUM_CONVERSION = YES;
				CLANG_WARN_INFINITE_RECURSION = YES;
				CLANG_WARN_INT_CONVERSION = YES;
				CLANG_WARN_NON_LITERAL_NULL_CONVERSION = YES;
				CLANG_WARN_OBJC_IMPLICIT_RETAIN_SELF = YES;
				CLANG_WARN_OBJC_LITERAL_CONVERSION = YES;
				CLANG_WARN_OBJC_ROOT_CLASS = YES_ERROR;
				CLANG_WARN_QUOTED_INCLUDE_IN_FRAMEWORK_HEADER = YES;
				CLANG_WARN_RANGE_LOOP_ANALYSIS = YES;
				CLANG_WARN_STRICT_PROTOTYPES = YES;
				CLANG_WARN_SUSPICIOUS_MOVE = YES;
				CLANG_WARN_UNGUARDED_AVAILABILITY = YES_AGGRESSIVE;
				CLANG_WARN_UNREACHABLE_CODE = YES;
				CLANG_WARN__DUPLICATE_METHOD_MATCH = YES;
				COPY_PHASE_STRIP = NO;
				DEBUG_INFORMATION_FORMAT = "dwarf-with-dsym";
				ENABLE_NS_ASSERTIONS = NO;
				ENABLE_STRICT_OBJC_MSGSEND = YES;
				GCC_C_LANGUAGE_STANDARD = gnu11;
				GCC_NO_COMMON_BLOCKS = YES;
				GCC_WARN_64_TO_32_BIT_CONVERSION = YES;
				GCC_WARN_ABOUT_RETURN_TYPE = YES_ERROR;
				GCC_WARN_UNDECLARED_SELECTOR = YES;
				GCC_WARN_UNINITIALIZED_AUTOS = YES_AGGRESSIVE;
				GCC_WARN_UNUSED_FUNCTION = YES;
				GCC_WARN_UNUSED_VARIABLE = YES;
				IPHONEOS_DEPLOYMENT_TARGET = 15.0;
				MTL_ENABLE_DEBUG_INFO = NO;
				MTL_FAST_MATH = YES;
				SDKROOT = iphoneos;
				SWIFT_COMPILATION_MODE = wholemodule;
				SWIFT_OPTIMIZATION_LEVEL = "-O";
				VALIDATE_PRODUCT = YES;
			};
			name = Release;
		};
		63EC7D44273781550023E65E /* Debug */ = {
			isa = XCBuildConfiguration;
			buildSettings = {
				ASSETCATALOG_COMPILER_APPICON_NAME = AppIcon;
				ASSETCATALOG_COMPILER_GLOBAL_ACCENT_COLOR_NAME = AccentColor;
				CODE_SIGN_STYLE = Automatic;
				CURRENT_PROJECT_VERSION = 1;
				DEVELOPMENT_TEAM = 83Y94LNH9Q;
				GENERATE_INFOPLIST_FILE = YES;
				INFOPLIST_FILE = LandmarkBookProject/Info.plist;
				INFOPLIST_KEY_UIApplicationSupportsIndirectInputEvents = YES;
				INFOPLIST_KEY_UILaunchStoryboardName = LaunchScreen;
				INFOPLIST_KEY_UIMainStoryboardFile = Main;
				INFOPLIST_KEY_UISupportedInterfaceOrientations_iPad = "UIInterfaceOrientationPortrait UIInterfaceOrientationPortraitUpsideDown UIInterfaceOrientationLandscapeLeft UIInterfaceOrientationLandscapeRight";
				INFOPLIST_KEY_UISupportedInterfaceOrientations_iPhone = "UIInterfaceOrientationPortrait UIInterfaceOrientationLandscapeLeft UIInterfaceOrientationLandscapeRight";
				IPHONEOS_DEPLOYMENT_TARGET = 15.0;
				LD_RUNPATH_SEARCH_PATHS = (
					"$(inherited)",
					"@executable_path/Frameworks",
				);
				MARKETING_VERSION = 1.0;
				PRODUCT_BUNDLE_IDENTIFIER = com.furkanberkaycakmak.LandmarkBookProject;
				PRODUCT_NAME = "$(TARGET_NAME)";
				SWIFT_EMIT_LOC_STRINGS = YES;
				SWIFT_VERSION = 5.0;
				TARGETED_DEVICE_FAMILY = "1,2";
			};
			name = Debug;
		};
		63EC7D45273781550023E65E /* Release */ = {
			isa = XCBuildConfiguration;
			buildSettings = {
				ASSETCATALOG_COMPILER_APPICON_NAME = AppIcon;
				ASSETCATALOG_COMPILER_GLOBAL_ACCENT_COLOR_NAME = AccentColor;
				CODE_SIGN_STYLE = Automatic;
				CURRENT_PROJECT_VERSION = 1;
				DEVELOPMENT_TEAM = 83Y94LNH9Q;
				GENERATE_INFOPLIST_FILE = YES;
				INFOPLIST_FILE = LandmarkBookProject/Info.plist;
				INFOPLIST_KEY_UIApplicationSupportsIndirectInputEvents = YES;
				INFOPLIST_KEY_UILaunchStoryboardName = LaunchScreen;
				INFOPLIST_KEY_UIMainStoryboardFile = Main;
				INFOPLIST_KEY_UISupportedInterfaceOrientations_iPad = "UIInterfaceOrientationPortrait UIInterfaceOrientationPortraitUpsideDown UIInterfaceOrientationLandscapeLeft UIInterfaceOrientationLandscapeRight";
				INFOPLIST_KEY_UISupportedInterfaceOrientations_iPhone = "UIInterfaceOrientationPortrait UIInterfaceOrientationLandscapeLeft UIInterfaceOrientationLandscapeRight";
				IPHONEOS_DEPLOYMENT_TARGET = 15.0;
				LD_RUNPATH_SEARCH_PATHS = (
					"$(inherited)",
					"@executable_path/Frameworks",
				);
				MARKETING_VERSION = 1.0;
				PRODUCT_BUNDLE_IDENTIFIER = com.furkanberkaycakmak.LandmarkBookProject;
				PRODUCT_NAME = "$(TARGET_NAME)";
				SWIFT_EMIT_LOC_STRINGS = YES;
				SWIFT_VERSION = 5.0;
				TARGETED_DEVICE_FAMILY = "1,2";
			};
			name = Release;
		};
/* End XCBuildConfiguration section */

/* Begin XCConfigurationList section */
		63EC7D2A273781530023E65E /* Build configuration list for PBXProject "LandmarkBookProject" */ = {
			isa = XCConfigurationList;
			buildConfigurations = (
				63EC7D41273781550023E65E /* Debug */,
				63EC7D42273781550023E65E /* Release */,
			);
			defaultConfigurationIsVisible = 0;
			defaultConfigurationName = Release;
		};
		63EC7D43273781550023E65E /* Build configuration list for PBXNativeTarget "LandmarkBookProject" */ = {
			isa = XCConfigurationList;
			buildConfigurations = (
				63EC7D44273781550023E65E /* Debug */,
				63EC7D45273781550023E65E /* Release */,
			);
			defaultConfigurationIsVisible = 0;
			defaultConfigurationName = Release;
		};
/* End XCConfigurationList section */
	};
	rootObject = 63EC7D27273781530023E65E /* Project object */;
}
